<?xml version="1.0" encoding="utf-8"?>
<Project ToolsVersion="4.0" xmlns="http://schemas.microsoft.com/developer/msbuild/2003">
  <ItemGroup>
    <Filter Include="Исходные файлы">
      <UniqueIdentifier>{4FC737F1-C7A5-4376-A066-2A32D752A2FF}</UniqueIdentifier>
      <Extensions>cpp;c;cc;cxx;def;odl;idl;hpj;bat;asm;asmx</Extensions>
    </Filter>
    <Filter Include="Файлы заголовков">
      <UniqueIdentifier>{93995380-89BD-4b04-88EB-625FBE52EBFB}</UniqueIdentifier>
      <Extensions>h;hh;hpp;hxx;hm;inl;inc;ipp;xsd</Extensions>
    </Filter>
    <Filter Include="Файлы ресурсов">
      <UniqueIdentifier>{67DA6AB6-F800-4c08-8B7A-83BB121AAD01}</UniqueIdentifier>
      <Extensions>rc;ico;cur;bmp;dlg;rc2;rct;bin;rgs;gif;jpg;jpeg;jpe;resx;tiff;tif;png;wav;mfcribbon-ms</Extensions>
    </Filter>
    <Filter Include="Исходные файлы\Classes">
      <UniqueIdentifier>{1a717d13-81d6-4c0e-80cd-224215031ea3}</UniqueIdentifier>
    </Filter>
    <Filter Include="Файлы заголовков\Classes">
      <UniqueIdentifier>{02507d3c-eee5-4768-9ce0-cabaff594ded}</UniqueIdentifier>
    </Filter>
    <Filter Include="Файлы заголовков\Repositories">
      <UniqueIdentifier>{69213639-115c-4ea0-be89-dd34b8154c2a}</UniqueIdentifier>
    </Filter>
  </ItemGroup>
  <ItemGroup>
    <ClInclude Include="Couter.h">
      <Filter>Файлы заголовков</Filter>
    </ClInclude>
    <ClInclude Include="Actor.h">
      <Filter>Файлы заголовков\Classes</Filter>
    </ClInclude>
    <ClInclude Include="Cinema.h">
      <Filter>Файлы заголовков\Classes</Filter>
    </ClInclude>
    <ClInclude Include="Client.h">
      <Filter>Файлы заголовков\Classes</Filter>
    </ClInclude>
    <ClInclude Include="Human.h">
      <Filter>Файлы заголовков\Classes</Filter>
    </ClInclude>
    <ClInclude Include="MainRepository.h">
      <Filter>Файлы заголовков\Repositories</Filter>
    </ClInclude>
    <ClInclude Include="Ticket.h">
      <Filter>Файлы заголовков\Classes</Filter>
    </ClInclude>
    <ClInclude Include="Movie.h">
      <Filter>Файлы заголовков\Classes</Filter>
    </ClInclude>
  </ItemGroup>
  <ItemGroup>
    <ClCompile Include="Actor.cpp">
      <Filter>Исходные файлы\Classes</Filter>
    </ClCompile>
    <ClCompile Include="Client.cpp">
      <Filter>Исходные файлы\Classes</Filter>
    </ClCompile>
    <ClCompile Include="Movie.cpp">
      <Filter>Исходные файлы\Classes</Filter>
    </ClCompile>
    <ClCompile Include="Ticket.cpp">
      <Filter>Исходные файлы\Classes</Filter>
    </ClCompile>
  </ItemGroup>
</Project>